
Microsoft Visual Studio Solution File, Format Version 12.00
# Visual Studio Version 16
VisualStudioVersion = 16.0.32413.511
MinimumVisualStudioVersion = 10.0.40219.1
Project("{FAE04EC0-301F-11D3-BF4B-00C04F79EFBC}") = "Prototype_Refactoring", "Prototype_Refactoring\Prototype_Refactoring.csproj", "{105A5093-E857-4EC2-9D11-CF9C577AD952}"
EndProject
Global
	GlobalSection(SolutionConfigurationPlatforms) = preSolution
		Debug|Any CPU = Debug|Any CPU
		Release|Any CPU = Release|Any CPU
	EndGlobalSection
	GlobalSection(ProjectConfigurationPlatforms) = postSolution
		{105A5093-E857-4EC2-9D11-CF9C577AD952}.Debug|Any CPU.ActiveCfg = Debug|Any CPU
		{105A5093-E857-4EC2-9D11-CF9C577AD952}.Debug|Any CPU.Build.0 = Debug|Any CPU
		{105A5093-E857-4EC2-9D11-CF9C577AD952}.Release|Any CPU.ActiveCfg = Release|Any CPU
		{105A5093-E857-4EC2-9D11-CF9C577AD952}.Release|Any CPU.Build.0 = Release|Any CPU
	EndGlobalSection
	GlobalSection(SolutionProperties) = preSolution
		HideSolutionNode = FALSE
	EndGlobalSection
	GlobalSection(ExtensibilityGlobals) = postSolution
		SolutionGuid = {1C12A01D-DA40-4AD3-8C72-AD158C8E7891}
	EndGlobalSection
EndGlobal
